
Microsoft Visual Studio Solution File, Format Version 12.00
# Visual Studio 15
VisualStudioVersion = 15.0.26730.10
MinimumVisualStudioVersion = 10.0.40219.1
Project("{FAE04EC0-301F-11D3-BF4B-00C04F79EFBC}") = "Visitor", "Visitor\Visitor.csproj", "{2786977F-7B04-4831-B751-93D81552FACF}"
EndProject
Global
	GlobalSection(SolutionConfigurationPlatforms) = preSolution
		Debug|Any CPU = Debug|Any CPU
		Release|Any CPU = Release|Any CPU
	EndGlobalSection
	GlobalSection(ProjectConfigurationPlatforms) = postSolution
		{2786977F-7B04-4831-B751-93D81552FACF}.Debug|Any CPU.ActiveCfg = Debug|Any CPU
		{2786977F-7B04-4831-B751-93D81552FACF}.Debug|Any CPU.Build.0 = Debug|Any CPU
		{2786977F-7B04-4831-B751-93D81552FACF}.Release|Any CPU.ActiveCfg = Release|Any CPU
		{2786977F-7B04-4831-B751-93D81552FACF}.Release|Any CPU.Build.0 = Release|Any CPU
	EndGlobalSection
	GlobalSection(SolutionProperties) = preSolution
		HideSolutionNode = FALSE
	EndGlobalSection
	GlobalSection(ExtensibilityGlobals) = postSolution
		SolutionGuid = {11CCDED1-EF43-439F-A9A3-BAE6039101F3}
	EndGlobalSection
EndGlobal
