
Microsoft Visual Studio Solution File, Format Version 12.00
# Visual Studio 15
VisualStudioVersion = 15.0.26430.13
MinimumVisualStudioVersion = 10.0.40219.1
Project("{FAE04EC0-301F-11D3-BF4B-00C04F79EFBC}") = "AdapterClass", "AdapterClass\AdapterClass.csproj", "{944BD84F-CC87-4E2B-979C-A2395752954C}"
EndProject
Project("{FAE04EC0-301F-11D3-BF4B-00C04F79EFBC}") = "AdapterObject", "AdapterObject\AdapterObject.csproj", "{13539D07-AEB1-4BF0-BEFE-E6C4DA352D30}"
EndProject
Global
	GlobalSection(SolutionConfigurationPlatforms) = preSolution
		Debug|Any CPU = Debug|Any CPU
		Release|Any CPU = Release|Any CPU
	EndGlobalSection
	GlobalSection(ProjectConfigurationPlatforms) = postSolution
		{944BD84F-CC87-4E2B-979C-A2395752954C}.Debug|Any CPU.ActiveCfg = Debug|Any CPU
		{944BD84F-CC87-4E2B-979C-A2395752954C}.Debug|Any CPU.Build.0 = Debug|Any CPU
		{944BD84F-CC87-4E2B-979C-A2395752954C}.Release|Any CPU.ActiveCfg = Release|Any CPU
		{944BD84F-CC87-4E2B-979C-A2395752954C}.Release|Any CPU.Build.0 = Release|Any CPU
		{13539D07-AEB1-4BF0-BEFE-E6C4DA352D30}.Debug|Any CPU.ActiveCfg = Debug|Any CPU
		{13539D07-AEB1-4BF0-BEFE-E6C4DA352D30}.Debug|Any CPU.Build.0 = Debug|Any CPU
		{13539D07-AEB1-4BF0-BEFE-E6C4DA352D30}.Release|Any CPU.ActiveCfg = Release|Any CPU
		{13539D07-AEB1-4BF0-BEFE-E6C4DA352D30}.Release|Any CPU.Build.0 = Release|Any CPU
	EndGlobalSection
	GlobalSection(SolutionProperties) = preSolution
		HideSolutionNode = FALSE
	EndGlobalSection
EndGlobal
